
Microsoft Visual Studio Solution File, Format Version 12.00
# Visual Studio Version 17
VisualStudioVersion = 17.11.35327.3
MinimumVisualStudioVersion = 10.0.40219.1
Project("{FAE04EC0-301F-11D3-BF4B-00C04F79EFBC}") = "İnterface", "İnterface\İnterface.csproj", "{2C0C2AB1-3A36-42F1-ACEE-0B0EEFC0CDF1}"
EndProject
Project("{FAE04EC0-301F-11D3-BF4B-00C04F79EFBC}") = "Disposableİnterface", "Disposableİnterface\Disposableİnterface.csproj", "{5358580D-190A-4766-AF5F-A6A998179A0D}"
EndProject
Global
	GlobalSection(SolutionConfigurationPlatforms) = preSolution
		Debug|Any CPU = Debug|Any CPU
		Release|Any CPU = Release|Any CPU
	EndGlobalSection
	GlobalSection(ProjectConfigurationPlatforms) = postSolution
		{2C0C2AB1-3A36-42F1-ACEE-0B0EEFC0CDF1}.Debug|Any CPU.ActiveCfg = Debug|Any CPU
		{2C0C2AB1-3A36-42F1-ACEE-0B0EEFC0CDF1}.Debug|Any CPU.Build.0 = Debug|Any CPU
		{2C0C2AB1-3A36-42F1-ACEE-0B0EEFC0CDF1}.Release|Any CPU.ActiveCfg = Release|Any CPU
		{2C0C2AB1-3A36-42F1-ACEE-0B0EEFC0CDF1}.Release|Any CPU.Build.0 = Release|Any CPU
		{5358580D-190A-4766-AF5F-A6A998179A0D}.Debug|Any CPU.ActiveCfg = Debug|Any CPU
		{5358580D-190A-4766-AF5F-A6A998179A0D}.Debug|Any CPU.Build.0 = Debug|Any CPU
		{5358580D-190A-4766-AF5F-A6A998179A0D}.Release|Any CPU.ActiveCfg = Release|Any CPU
		{5358580D-190A-4766-AF5F-A6A998179A0D}.Release|Any CPU.Build.0 = Release|Any CPU
	EndGlobalSection
	GlobalSection(SolutionProperties) = preSolution
		HideSolutionNode = FALSE
	EndGlobalSection
	GlobalSection(ExtensibilityGlobals) = postSolution
		SolutionGuid = {63A9EF3D-7BFB-41D1-A1D6-4380FADC96A8}
	EndGlobalSection
EndGlobal
